
Microsoft Visual Studio Solution File, Format Version 12.00
# Visual Studio Version 17
VisualStudioVersion = 17.8.34322.80
MinimumVisualStudioVersion = 10.0.40219.1
Project("{9A19103F-16F7-4668-BE54-9A1E7A4F7556}") = "MFL", "MFL\MFL.csproj", "{16BD3EC7-F55C-4E22-9C17-2BDF33544F1A}"
EndProject
Project("{9A19103F-16F7-4668-BE54-9A1E7A4F7556}") = "MFL.Android", "MFL.Android\MFL.Android.csproj", "{785315C1-E185-48A6-BFF5-6536CD88E649}"
EndProject
Project("{9A19103F-16F7-4668-BE54-9A1E7A4F7556}") = "MFL.Desktop", "MFL.Desktop\MFL.Desktop.csproj", "{D9533DE6-E6C1-4D51-B8DE-C095674486BE}"
EndProject
Project("{9A19103F-16F7-4668-BE54-9A1E7A4F7556}") = "MFL.iOS", "MFL.iOS\MFL.iOS.csproj", "{2CC8AFDA-BC14-4E13-B563-2B883F96DF2E}"
EndProject
Global
	GlobalSection(SolutionConfigurationPlatforms) = preSolution
		Debug|Any CPU = Debug|Any CPU
		Release|Any CPU = Release|Any CPU
	EndGlobalSection
	GlobalSection(ProjectConfigurationPlatforms) = postSolution
		{16BD3EC7-F55C-4E22-9C17-2BDF33544F1A}.Debug|Any CPU.ActiveCfg = Debug|Any CPU
		{16BD3EC7-F55C-4E22-9C17-2BDF33544F1A}.Debug|Any CPU.Build.0 = Debug|Any CPU
		{16BD3EC7-F55C-4E22-9C17-2BDF33544F1A}.Release|Any CPU.ActiveCfg = Release|Any CPU
		{16BD3EC7-F55C-4E22-9C17-2BDF33544F1A}.Release|Any CPU.Build.0 = Release|Any CPU
		{785315C1-E185-48A6-BFF5-6536CD88E649}.Debug|Any CPU.ActiveCfg = Debug|Any CPU
		{785315C1-E185-48A6-BFF5-6536CD88E649}.Debug|Any CPU.Build.0 = Debug|Any CPU
		{785315C1-E185-48A6-BFF5-6536CD88E649}.Debug|Any CPU.Deploy.0 = Debug|Any CPU
		{785315C1-E185-48A6-BFF5-6536CD88E649}.Release|Any CPU.ActiveCfg = Release|Any CPU
		{785315C1-E185-48A6-BFF5-6536CD88E649}.Release|Any CPU.Build.0 = Release|Any CPU
		{785315C1-E185-48A6-BFF5-6536CD88E649}.Release|Any CPU.Deploy.0 = Release|Any CPU
		{D9533DE6-E6C1-4D51-B8DE-C095674486BE}.Debug|Any CPU.ActiveCfg = Debug|Any CPU
		{D9533DE6-E6C1-4D51-B8DE-C095674486BE}.Debug|Any CPU.Build.0 = Debug|Any CPU
		{D9533DE6-E6C1-4D51-B8DE-C095674486BE}.Release|Any CPU.ActiveCfg = Release|Any CPU
		{D9533DE6-E6C1-4D51-B8DE-C095674486BE}.Release|Any CPU.Build.0 = Release|Any CPU
		{2CC8AFDA-BC14-4E13-B563-2B883F96DF2E}.Debug|Any CPU.ActiveCfg = Debug|Any CPU
		{2CC8AFDA-BC14-4E13-B563-2B883F96DF2E}.Debug|Any CPU.Build.0 = Debug|Any CPU
		{2CC8AFDA-BC14-4E13-B563-2B883F96DF2E}.Debug|Any CPU.Deploy.0 = Debug|Any CPU
		{2CC8AFDA-BC14-4E13-B563-2B883F96DF2E}.Release|Any CPU.ActiveCfg = Release|Any CPU
		{2CC8AFDA-BC14-4E13-B563-2B883F96DF2E}.Release|Any CPU.Build.0 = Release|Any CPU
		{2CC8AFDA-BC14-4E13-B563-2B883F96DF2E}.Release|Any CPU.Deploy.0 = Release|Any CPU
	EndGlobalSection
	GlobalSection(SolutionProperties) = preSolution
		HideSolutionNode = FALSE
	EndGlobalSection
	GlobalSection(ExtensibilityGlobals) = postSolution
		SolutionGuid = {63AE752B-28AD-41C0-A7B0-1BDA4CABDC73}
	EndGlobalSection
EndGlobal
